{
	"name": "benchmarks",
	"lockfileVersion": 3,
	"requires": true,
	"packages": {
		"": {
			"devDependencies": {
				"mitata": "^1.0.34"
			}
		},
		"node_modules/mitata": {
			"version": "1.0.34",
			"resolved": "https://registry.npmjs.org/mitata/-/mitata-1.0.34.tgz",
			"integrity": "sha512-Mc3zrtNBKIMeHSCQ0XqRLo1vbdIx1wvFV9c8NJAiyho6AjNfMY8bVhbS12bwciUdd1t4rj8099CH3N3NFahaUA==",
			"dev": true,
			"license": "MIT"
		}
	}
}
